{
  "originHash" : "318b42d871c82629d5bca273f33e33ae5cc7c616484284ab140728c3a14191d4",
  "pins" : [
    {
      "identity" : "alamofire",
      "kind" : "remoteSourceControl",
      "location" : "https://github.com/Alamofire/Alamofire",
      "state" : {
        "revision" : "f455c2975872ccd2d9c81594c658af65716e9b9a",
        "version" : "5.9.1"
      }
    },
    {
      "identity" : "darockkit",
      "kind" : "remoteSourceControl",
      "location" : "https://github.com/Linecom-Lik/DarockKit",
      "state" : {
        "branch" : "main",
        "revision" : "2a025f50254b3348791923c1ac6da52e0262be86"
      }
    },
    {
      "identity" : "swiftyjson",
      "kind" : "remoteSourceControl",
      "location" : "https://github.com/SwiftyJSON/SwiftyJSON",
      "state" : {
        "revision" : "2b6054efa051565954e1d2b9da831680026cd768",
        "version" : "4.3.0"
      }
    }
  ],
  "version" : 3
}
